
Microsoft Visual Studio Solution File, Format Version 12.00
# Visual Studio Version 16
VisualStudioVersion = 16.0.31624.102
MinimumVisualStudioVersion = 10.0.40219.1
Project("{FAE04EC0-301F-11D3-BF4B-00C04F79EFBC}") = "DMONET", "DMONET\DMONET.csproj", "{798C7401-5DFA-4B29-BEB5-BB566D9F7414}"
EndProject
Global
	GlobalSection(SolutionConfigurationPlatforms) = preSolution
		Debug|Any CPU = Debug|Any CPU
		Release|Any CPU = Release|Any CPU
	EndGlobalSection
	GlobalSection(ProjectConfigurationPlatforms) = postSolution
		{798C7401-5DFA-4B29-BEB5-BB566D9F7414}.Debug|Any CPU.ActiveCfg = Debug|Any CPU
		{798C7401-5DFA-4B29-BEB5-BB566D9F7414}.Debug|Any CPU.Build.0 = Debug|Any CPU
		{798C7401-5DFA-4B29-BEB5-BB566D9F7414}.Release|Any CPU.ActiveCfg = Release|Any CPU
		{798C7401-5DFA-4B29-BEB5-BB566D9F7414}.Release|Any CPU.Build.0 = Release|Any CPU
	EndGlobalSection
	GlobalSection(SolutionProperties) = preSolution
		HideSolutionNode = FALSE
	EndGlobalSection
	GlobalSection(ExtensibilityGlobals) = postSolution
		SolutionGuid = {78B9BEFE-A9AC-400B-84F8-30A7D033B90C}
	EndGlobalSection
EndGlobal
